
Microsoft Visual Studio Solution File, Format Version 12.00
# Visual Studio Version 17
VisualStudioVersion = 17.0.32014.148
MinimumVisualStudioVersion = 10.0.40219.1
Project("{FAE04EC0-301F-11D3-BF4B-00C04F79EFBC}") = "New Project", "New Project\New Project.csproj", "{98816EE7-7343-4DB9-A2E0-2BEF5AF0C353}"
EndProject
Global
	GlobalSection(SolutionConfigurationPlatforms) = preSolution
		Debug|Any CPU = Debug|Any CPU
		Release|Any CPU = Release|Any CPU
	EndGlobalSection
	GlobalSection(ProjectConfigurationPlatforms) = postSolution
		{98816EE7-7343-4DB9-A2E0-2BEF5AF0C353}.Debug|Any CPU.ActiveCfg = Debug|Any CPU
		{98816EE7-7343-4DB9-A2E0-2BEF5AF0C353}.Debug|Any CPU.Build.0 = Debug|Any CPU
		{98816EE7-7343-4DB9-A2E0-2BEF5AF0C353}.Release|Any CPU.ActiveCfg = Release|Any CPU
		{98816EE7-7343-4DB9-A2E0-2BEF5AF0C353}.Release|Any CPU.Build.0 = Release|Any CPU
	EndGlobalSection
	GlobalSection(SolutionProperties) = preSolution
		HideSolutionNode = FALSE
	EndGlobalSection
	GlobalSection(ExtensibilityGlobals) = postSolution
		SolutionGuid = {B3674156-B2E9-4363-B866-28CD3B09F39A}
	EndGlobalSection
EndGlobal
